# Generated by conda-lock.
# platform: win-64
# input_hash: 62a51657d5021903e591eb96599368540f6ba6d4263102d8e3b47f651de0e8f2
@EXPLICIT
https://repo.anaconda.com/pkgs/main/win-64/ca-certificates-2022.07.19-haa95532_0.conda#cd032245d4b08e14cfd6ca27b647a699
https://repo.anaconda.com/pkgs/main/noarch/tzdata-2022c-h04d1e81_0.conda#c10549a6463dbd5320b8015772d572cd
https://repo.anaconda.com/pkgs/main/win-64/vs2015_runtime-14.27.29016-h5e58377_2.conda#9e3f8ea1096e174541ac86f5fc73fc3d
https://repo.anaconda.com/pkgs/main/win-64/vc-14.2-h21ff451_1.conda#a8c870bfc2551c262800527f2107d0f3
https://repo.anaconda.com/pkgs/main/win-64/bzip2-1.0.8-he774522_0.conda#acfdd6cfa52a831a43b88126e68b0cf9
https://repo.anaconda.com/pkgs/main/win-64/libffi-3.4.2-hd77b12b_4.conda#82d9ed3023238b3d96b5bc3f8ca61c3c
https://repo.anaconda.com/pkgs/main/win-64/openssl-1.1.1q-h2bbff1b_0.conda#f49e8ba94446373116410a903b5c8b08
https://repo.anaconda.com/pkgs/main/win-64/sqlite-3.39.3-h2bbff1b_0.conda#9d33b9aaff3a62026d7bb9e6931dd0ea
https://repo.anaconda.com/pkgs/main/win-64/tk-8.6.12-h2bbff1b_0.conda#3e6f2cd798aea9f886970b61dad14304
https://repo.anaconda.com/pkgs/main/win-64/xz-5.2.6-h8cc25b3_0.conda#884559ec7ac6a2e98d3cae712af67a1c
https://repo.anaconda.com/pkgs/main/win-64/zlib-1.2.12-h8cc25b3_3.conda#cd9df07ceac26decf3c3c127fbc88f05
https://repo.anaconda.com/pkgs/main/win-64/python-3.10.4-hbb2ffb3_0.tar.bz2#73d848f358f4ce90bf297c4a20217ff1
